
Microsoft Visual Studio Solution File, Format Version 12.00
# Visual Studio Version 16
VisualStudioVersion = 16.0.31424.327
MinimumVisualStudioVersion = 10.0.40219.1
Project("{2150E333-8FDC-42A3-9474-1A3956D46DE8}") = "1 - Api", "1 - Api", "{07A2FF3F-A16E-4756-B68F-3CC94627BAEB}"
EndProject
Project("{9A19103F-16F7-4668-BE54-9A1E7A4F7556}") = "Api-Template", "Api-Template\Api-Template.csproj", "{C0821A1A-E4C6-4553-BF7E-243B8729797D}"
EndProject
Project("{2150E333-8FDC-42A3-9474-1A3956D46DE8}") = "2 - Application", "2 - Application", "{7A4CB35F-A298-4376-A611-4F80B9B76139}"
EndProject
Project("{2150E333-8FDC-42A3-9474-1A3956D46DE8}") = "3 - Domain", "3 - Domain", "{3DB8FAFB-7DA5-42CA-B266-80D0FFF4E5CF}"
EndProject
Project("{2150E333-8FDC-42A3-9474-1A3956D46DE8}") = "4 - Infra", "4 - Infra", "{F2B6FA81-2622-4444-AAB4-466B98DFCCF3}"
EndProject
Project("{FAE04EC0-301F-11D3-BF4B-00C04F79EFBC}") = "Application", "Application\Application.csproj", "{45EA9F23-DB55-4BCD-9BA7-4887A4212107}"
EndProject
Project("{FAE04EC0-301F-11D3-BF4B-00C04F79EFBC}") = "Domain", "Domain\Domain.csproj", "{51BB20AA-4899-4D28-897A-A966A6AE07CF}"
EndProject
Project("{2150E333-8FDC-42A3-9474-1A3956D46DE8}") = "4.1 - Infra.Data", "4.1 - Infra.Data", "{B213E3E9-6104-4726-B254-CFCFFBF7C1CF}"
EndProject
Project("{2150E333-8FDC-42A3-9474-1A3956D46DE8}") = "4.2 - Infra.CrossCutting.IoC", "4.2 - Infra.CrossCutting.IoC", "{6D9CADFF-BB13-4B0D-8701-092C63E0728C}"
EndProject
Project("{FAE04EC0-301F-11D3-BF4B-00C04F79EFBC}") = "Infra.Data", "Infra.Data\Infra.Data.csproj", "{9FB3E0F9-6EC7-44B6-94D7-411CE525B67A}"
EndProject
Project("{FAE04EC0-301F-11D3-BF4B-00C04F79EFBC}") = "Infra.CrossCutting.IoC", "Infra.CrossCutting.IoC\Infra.CrossCutting.IoC.csproj", "{B833D07F-1282-42E2-A345-DFAB0AEE83F0}"
EndProject
Global
	GlobalSection(SolutionConfigurationPlatforms) = preSolution
		Debug|Any CPU = Debug|Any CPU
		Release|Any CPU = Release|Any CPU
	EndGlobalSection
	GlobalSection(ProjectConfigurationPlatforms) = postSolution
		{C0821A1A-E4C6-4553-BF7E-243B8729797D}.Debug|Any CPU.ActiveCfg = Debug|Any CPU
		{C0821A1A-E4C6-4553-BF7E-243B8729797D}.Debug|Any CPU.Build.0 = Debug|Any CPU
		{C0821A1A-E4C6-4553-BF7E-243B8729797D}.Release|Any CPU.ActiveCfg = Release|Any CPU
		{C0821A1A-E4C6-4553-BF7E-243B8729797D}.Release|Any CPU.Build.0 = Release|Any CPU
		{45EA9F23-DB55-4BCD-9BA7-4887A4212107}.Debug|Any CPU.ActiveCfg = Debug|Any CPU
		{45EA9F23-DB55-4BCD-9BA7-4887A4212107}.Debug|Any CPU.Build.0 = Debug|Any CPU
		{45EA9F23-DB55-4BCD-9BA7-4887A4212107}.Release|Any CPU.ActiveCfg = Release|Any CPU
		{45EA9F23-DB55-4BCD-9BA7-4887A4212107}.Release|Any CPU.Build.0 = Release|Any CPU
		{51BB20AA-4899-4D28-897A-A966A6AE07CF}.Debug|Any CPU.ActiveCfg = Debug|Any CPU
		{51BB20AA-4899-4D28-897A-A966A6AE07CF}.Debug|Any CPU.Build.0 = Debug|Any CPU
		{51BB20AA-4899-4D28-897A-A966A6AE07CF}.Release|Any CPU.ActiveCfg = Release|Any CPU
		{51BB20AA-4899-4D28-897A-A966A6AE07CF}.Release|Any CPU.Build.0 = Release|Any CPU
		{9FB3E0F9-6EC7-44B6-94D7-411CE525B67A}.Debug|Any CPU.ActiveCfg = Debug|Any CPU
		{9FB3E0F9-6EC7-44B6-94D7-411CE525B67A}.Debug|Any CPU.Build.0 = Debug|Any CPU
		{9FB3E0F9-6EC7-44B6-94D7-411CE525B67A}.Release|Any CPU.ActiveCfg = Release|Any CPU
		{9FB3E0F9-6EC7-44B6-94D7-411CE525B67A}.Release|Any CPU.Build.0 = Release|Any CPU
		{B833D07F-1282-42E2-A345-DFAB0AEE83F0}.Debug|Any CPU.ActiveCfg = Debug|Any CPU
		{B833D07F-1282-42E2-A345-DFAB0AEE83F0}.Debug|Any CPU.Build.0 = Debug|Any CPU
		{B833D07F-1282-42E2-A345-DFAB0AEE83F0}.Release|Any CPU.ActiveCfg = Release|Any CPU
		{B833D07F-1282-42E2-A345-DFAB0AEE83F0}.Release|Any CPU.Build.0 = Release|Any CPU
	EndGlobalSection
	GlobalSection(SolutionProperties) = preSolution
		HideSolutionNode = FALSE
	EndGlobalSection
	GlobalSection(NestedProjects) = preSolution
		{C0821A1A-E4C6-4553-BF7E-243B8729797D} = {07A2FF3F-A16E-4756-B68F-3CC94627BAEB}
		{45EA9F23-DB55-4BCD-9BA7-4887A4212107} = {7A4CB35F-A298-4376-A611-4F80B9B76139}
		{51BB20AA-4899-4D28-897A-A966A6AE07CF} = {3DB8FAFB-7DA5-42CA-B266-80D0FFF4E5CF}
		{B213E3E9-6104-4726-B254-CFCFFBF7C1CF} = {F2B6FA81-2622-4444-AAB4-466B98DFCCF3}
		{6D9CADFF-BB13-4B0D-8701-092C63E0728C} = {F2B6FA81-2622-4444-AAB4-466B98DFCCF3}
		{9FB3E0F9-6EC7-44B6-94D7-411CE525B67A} = {B213E3E9-6104-4726-B254-CFCFFBF7C1CF}
		{B833D07F-1282-42E2-A345-DFAB0AEE83F0} = {6D9CADFF-BB13-4B0D-8701-092C63E0728C}
	EndGlobalSection
	GlobalSection(ExtensibilityGlobals) = postSolution
		SolutionGuid = {31CCC2B8-2E3C-4BE8-A22B-A4C15EB32250}
	EndGlobalSection
EndGlobal
